
Microsoft Visual Studio Solution File, Format Version 12.00
# Visual Studio Version 17
VisualStudioVersion = 17.13.35806.99
MinimumVisualStudioVersion = 10.0.40219.1
Project("{FAE04EC0-301F-11D3-BF4B-00C04F79EFBC}") = "CloneNetflix.API", "CloneNetflix.API.csproj", "{8A242C3F-E97F-4879-A81C-7FECE1F201D6}"
EndProject
Project("{FAE04EC0-301F-11D3-BF4B-00C04F79EFBC}") = "NetflixClone.Domain", "..\NetflixClone.Domain\NetflixClone.Domain.csproj", "{479652B7-E6F5-42D8-9F62-3CEBD6D53FA4}"
EndProject
Project("{FAE04EC0-301F-11D3-BF4B-00C04F79EFBC}") = "NetflixClone.Application", "..\NetflixClone.Application\NetflixClone.Application.csproj", "{EEBEC6B9-651B-48AA-8F73-9787FEAD051B}"
EndProject
Project("{FAE04EC0-301F-11D3-BF4B-00C04F79EFBC}") = "NetflixClone.Infrastructure", "..\NetflixClone.Infrastructure\NetflixClone.Infrastructure.csproj", "{47FC82D8-E0ED-4807-B559-03E22EB84AC8}"
EndProject
Global
	GlobalSection(SolutionConfigurationPlatforms) = preSolution
		Debug|Any CPU = Debug|Any CPU
		Release|Any CPU = Release|Any CPU
	EndGlobalSection
	GlobalSection(ProjectConfigurationPlatforms) = postSolution
		{8A242C3F-E97F-4879-A81C-7FECE1F201D6}.Debug|Any CPU.ActiveCfg = Debug|Any CPU
		{8A242C3F-E97F-4879-A81C-7FECE1F201D6}.Debug|Any CPU.Build.0 = Debug|Any CPU
		{8A242C3F-E97F-4879-A81C-7FECE1F201D6}.Release|Any CPU.ActiveCfg = Release|Any CPU
		{8A242C3F-E97F-4879-A81C-7FECE1F201D6}.Release|Any CPU.Build.0 = Release|Any CPU
		{479652B7-E6F5-42D8-9F62-3CEBD6D53FA4}.Debug|Any CPU.ActiveCfg = Debug|Any CPU
		{479652B7-E6F5-42D8-9F62-3CEBD6D53FA4}.Debug|Any CPU.Build.0 = Debug|Any CPU
		{479652B7-E6F5-42D8-9F62-3CEBD6D53FA4}.Release|Any CPU.ActiveCfg = Release|Any CPU
		{479652B7-E6F5-42D8-9F62-3CEBD6D53FA4}.Release|Any CPU.Build.0 = Release|Any CPU
		{EEBEC6B9-651B-48AA-8F73-9787FEAD051B}.Debug|Any CPU.ActiveCfg = Debug|Any CPU
		{EEBEC6B9-651B-48AA-8F73-9787FEAD051B}.Debug|Any CPU.Build.0 = Debug|Any CPU
		{EEBEC6B9-651B-48AA-8F73-9787FEAD051B}.Release|Any CPU.ActiveCfg = Release|Any CPU
		{EEBEC6B9-651B-48AA-8F73-9787FEAD051B}.Release|Any CPU.Build.0 = Release|Any CPU
		{47FC82D8-E0ED-4807-B559-03E22EB84AC8}.Debug|Any CPU.ActiveCfg = Debug|Any CPU
		{47FC82D8-E0ED-4807-B559-03E22EB84AC8}.Debug|Any CPU.Build.0 = Debug|Any CPU
		{47FC82D8-E0ED-4807-B559-03E22EB84AC8}.Release|Any CPU.ActiveCfg = Release|Any CPU
		{47FC82D8-E0ED-4807-B559-03E22EB84AC8}.Release|Any CPU.Build.0 = Release|Any CPU
	EndGlobalSection
	GlobalSection(SolutionProperties) = preSolution
		HideSolutionNode = FALSE
	EndGlobalSection
	GlobalSection(ExtensibilityGlobals) = postSolution
		SolutionGuid = {078366F0-FE42-405F-9BCE-D770663E74D8}
	EndGlobalSection
EndGlobal
